// !$*UTF8*$!
{
	archiveVersion = 1;
	classes = {
	};
	objectVersion = 46;
	objects = {

/* Begin PBXBuildFile section */
		7B0845CA14D36D6D0039C8F9 /* NSManagedObjectContext+SSDataKitAdditions.m in Sources */ = {isa = PBXBuildFile; fileRef = 7B0845BE14D36D6D0039C8F9 /* NSManagedObjectContext+SSDataKitAdditions.m */; };
		7B0845CB14D36D6D0039C8F9 /* Readme.markdown in Resources */ = {isa = PBXBuildFile; fileRef = 7B0845BF14D36D6D0039C8F9 /* Readme.markdown */; };
		7B0845CC14D36D6D0039C8F9 /* SSManagedObject.m in Sources */ = {isa = PBXBuildFile; fileRef = 7B0845C214D36D6D0039C8F9 /* SSManagedObject.m */; settings = {COMPILER_FLAGS = "-fno-objc-arc"; }; };
		7B0845CD14D36D6D0039C8F9 /* SSManagedObjectContext.m in Sources */ = {isa = PBXBuildFile; fileRef = 7B0845C414D36D6D0039C8F9 /* SSManagedObjectContext.m */; settings = {COMPILER_FLAGS = "-fno-objc-arc"; }; };
		7B0845CE14D36D6D0039C8F9 /* SSManagedObjectContextObserver.m in Sources */ = {isa = PBXBuildFile; fileRef = 7B0845C614D36D6D0039C8F9 /* SSManagedObjectContextObserver.m */; settings = {COMPILER_FLAGS = "-fno-objc-arc"; }; };
		7B0845CF14D36D6D0039C8F9 /* SSManagedObjectController.m in Sources */ = {isa = PBXBuildFile; fileRef = 7B0845C914D36D6D0039C8F9 /* SSManagedObjectController.m */; settings = {COMPILER_FLAGS = "-fno-objc-arc"; }; };
		7B0845D114D36F070039C8F9 /* CoreData.framework in Frameworks */ = {isa = PBXBuildFile; fileRef = 7B0845D014D36F070039C8F9 /* CoreData.framework */; };
		7B0845D414D36F7C0039C8F9 /* Model.xcdatamodeld in Sources */ = {isa = PBXBuildFile; fileRef = 7B0845D214D36F7C0039C8F9 /* Model.xcdatamodeld */; };
		7B0845DD14D370570039C8F9 /* SDDataManager.m in Sources */ = {isa = PBXBuildFile; fileRef = 7B0845DC14D370570039C8F9 /* SDDataManager.m */; };
		7B61FDEB14D37F7300FBF43D /* Parse.framework in Frameworks */ = {isa = PBXBuildFile; fileRef = 7B61FDEA14D37F7300FBF43D /* Parse.framework */; };
		7B61FDEE14D37F8600FBF43D /* AudioToolbox.framework in Frameworks */ = {isa = PBXBuildFile; fileRef = 7B61FDED14D37F8600FBF43D /* AudioToolbox.framework */; };
		7B61FDF014D37F8D00FBF43D /* CFNetwork.framework in Frameworks */ = {isa = PBXBuildFile; fileRef = 7B61FDEF14D37F8D00FBF43D /* CFNetwork.framework */; };
		7B61FDF214D37F9E00FBF43D /* SystemConfiguration.framework in Frameworks */ = {isa = PBXBuildFile; fileRef = 7B61FDF114D37F9E00FBF43D /* SystemConfiguration.framework */; };
		7B61FDF414D37FA500FBF43D /* MobileCoreServices.framework in Frameworks */ = {isa = PBXBuildFile; fileRef = 7B61FDF314D37FA500FBF43D /* MobileCoreServices.framework */; };
		7B61FDF614D37FB400FBF43D /* libz.1.1.3.dylib in Frameworks */ = {isa = PBXBuildFile; fileRef = 7B61FDF514D37FB400FBF43D /* libz.1.1.3.dylib */; };
		7B61FDF814D37FBB00FBF43D /* Security.framework in Frameworks */ = {isa = PBXBuildFile; fileRef = 7B61FDF714D37FBB00FBF43D /* Security.framework */; };
		7B61FDFA14D37FC100FBF43D /* QuartzCore.framework in Frameworks */ = {isa = PBXBuildFile; fileRef = 7B61FDF914D37FC100FBF43D /* QuartzCore.framework */; };
		7BB2CBC014D25633007989DD /* UIKit.framework in Frameworks */ = {isa = PBXBuildFile; fileRef = 7BB2CBBF14D25633007989DD /* UIKit.framework */; };
		7BB2CBC214D25633007989DD /* Foundation.framework in Frameworks */ = {isa = PBXBuildFile; fileRef = 7BB2CBC114D25633007989DD /* Foundation.framework */; };
		7BB2CBC414D25633007989DD /* CoreGraphics.framework in Frameworks */ = {isa = PBXBuildFile; fileRef = 7BB2CBC314D25633007989DD /* CoreGraphics.framework */; };
		7BB2CBCA14D25633007989DD /* InfoPlist.strings in Resources */ = {isa = PBXBuildFile; fileRef = 7BB2CBC814D25633007989DD /* InfoPlist.strings */; };
		7BB2CBCC14D25633007989DD /* main.m in Sources */ = {isa = PBXBuildFile; fileRef = 7BB2CBCB14D25633007989DD /* main.m */; };
		7BB2CBD014D25633007989DD /* AppDelegate.m in Sources */ = {isa = PBXBuildFile; fileRef = 7BB2CBCF14D25633007989DD /* AppDelegate.m */; };
		7BB2CBD314D25633007989DD /* ViewController.m in Sources */ = {isa = PBXBuildFile; fileRef = 7BB2CBD214D25633007989DD /* ViewController.m */; };
		7BB2CBD614D25633007989DD /* ViewController.xib in Resources */ = {isa = PBXBuildFile; fileRef = 7BB2CBD414D25633007989DD /* ViewController.xib */; };
		7BB2CBDF14D256F9007989DD /* CardViewController.m in Sources */ = {isa = PBXBuildFile; fileRef = 7BB2CBDD14D256F9007989DD /* CardViewController.m */; };
		7BB2CBE014D256F9007989DD /* CardViewController.xib in Resources */ = {isa = PBXBuildFile; fileRef = 7BB2CBDE14D256F9007989DD /* CardViewController.xib */; };
		7BB2CBE214D257EB007989DD /* cards.plist in Resources */ = {isa = PBXBuildFile; fileRef = 7BB2CBE114D257EB007989DD /* cards.plist */; };
		7BB2CBE414D2AA3B007989DD /* Log in Resources */ = {isa = PBXBuildFile; fileRef = 7BB2CBE314D2AA3B007989DD /* Log */; };
		7BB46BF114D8ACD7000D6635 /* sqr.png in Resources */ = {isa = PBXBuildFile; fileRef = 7BB46BF014D8ACD7000D6635 /* sqr.png */; };
		7BB46C0214D938C1000D6635 /* WhatWord.png in Resources */ = {isa = PBXBuildFile; fileRef = 7BB46C0114D938C1000D6635 /* WhatWord.png */; };
		7BB46C0414D938CF000D6635 /* WhatWord@2x.png in Resources */ = {isa = PBXBuildFile; fileRef = 7BB46C0314D938CF000D6635 /* WhatWord@2x.png */; };
		7BB46C0614D93B49000D6635 /* gray.png in Resources */ = {isa = PBXBuildFile; fileRef = 7BB46C0514D93B48000D6635 /* gray.png */; };
		7BD91A6D14D782E700961BE8 /* green.png in Resources */ = {isa = PBXBuildFile; fileRef = 7BD91A6C14D782E700961BE8 /* green.png */; };
		7BD91A7014D7BCD300961BE8 /* Word.m in Sources */ = {isa = PBXBuildFile; fileRef = 7BD91A6F14D7BCD300961BE8 /* Word.m */; };
/* End PBXBuildFile section */

/* Begin PBXFileReference section */
		7B0845BD14D36D6D0039C8F9 /* NSManagedObjectContext+SSDataKitAdditions.h */ = {isa = PBXFileReference; fileEncoding = 4; lastKnownFileType = sourcecode.c.h; path = "NSManagedObjectContext+SSDataKitAdditions.h"; sourceTree = "<group>"; };
		7B0845BE14D36D6D0039C8F9 /* NSManagedObjectContext+SSDataKitAdditions.m */ = {isa = PBXFileReference; fileEncoding = 4; lastKnownFileType = sourcecode.c.objc; path = "NSManagedObjectContext+SSDataKitAdditions.m"; sourceTree = "<group>"; };
		7B0845BF14D36D6D0039C8F9 /* Readme.markdown */ = {isa = PBXFileReference; fileEncoding = 4; lastKnownFileType = text; path = Readme.markdown; sourceTree = "<group>"; };
		7B0845C014D36D6D0039C8F9 /* SSDataKit.h */ = {isa = PBXFileReference; fileEncoding = 4; lastKnownFileType = sourcecode.c.h; path = SSDataKit.h; sourceTree = "<group>"; };
		7B0845C114D36D6D0039C8F9 /* SSManagedObject.h */ = {isa = PBXFileReference; fileEncoding = 4; lastKnownFileType = sourcecode.c.h; path = SSManagedObject.h; sourceTree = "<group>"; };
		7B0845C214D36D6D0039C8F9 /* SSManagedObject.m */ = {isa = PBXFileReference; fileEncoding = 4; lastKnownFileType = sourcecode.c.objc; path = SSManagedObject.m; sourceTree = "<group>"; };
		7B0845C314D36D6D0039C8F9 /* SSManagedObjectContext.h */ = {isa = PBXFileReference; fileEncoding = 4; lastKnownFileType = sourcecode.c.h; path = SSManagedObjectContext.h; sourceTree = "<group>"; };
		7B0845C414D36D6D0039C8F9 /* SSManagedObjectContext.m */ = {isa = PBXFileReference; fileEncoding = 4; lastKnownFileType = sourcecode.c.objc; path = SSManagedObjectContext.m; sourceTree = "<group>"; };
		7B0845C514D36D6D0039C8F9 /* SSManagedObjectContextObserver.h */ = {isa = PBXFileReference; fileEncoding = 4; lastKnownFileType = sourcecode.c.h; path = SSManagedObjectContextObserver.h; sourceTree = "<group>"; };
		7B0845C614D36D6D0039C8F9 /* SSManagedObjectContextObserver.m */ = {isa = PBXFileReference; fileEncoding = 4; lastKnownFileType = sourcecode.c.objc; path = SSManagedObjectContextObserver.m; sourceTree = "<group>"; };
		7B0845C714D36D6D0039C8F9 /* SSManagedObjectContextObserverPrivate.h */ = {isa = PBXFileReference; fileEncoding = 4; lastKnownFileType = sourcecode.c.h; path = SSManagedObjectContextObserverPrivate.h; sourceTree = "<group>"; };
		7B0845C814D36D6D0039C8F9 /* SSManagedObjectController.h */ = {isa = PBXFileReference; fileEncoding = 4; lastKnownFileType = sourcecode.c.h; path = SSManagedObjectController.h; sourceTree = "<group>"; };
		7B0845C914D36D6D0039C8F9 /* SSManagedObjectController.m */ = {isa = PBXFileReference; fileEncoding = 4; lastKnownFileType = sourcecode.c.objc; path = SSManagedObjectController.m; sourceTree = "<group>"; };
		7B0845D014D36F070039C8F9 /* CoreData.framework */ = {isa = PBXFileReference; lastKnownFileType = wrapper.framework; name = CoreData.framework; path = System/Library/Frameworks/CoreData.framework; sourceTree = SDKROOT; };
		7B0845D314D36F7C0039C8F9 /* Model.xcdatamodel */ = {isa = PBXFileReference; lastKnownFileType = wrapper.xcdatamodel; path = Model.xcdatamodel; sourceTree = "<group>"; };
		7B0845DB14D370570039C8F9 /* SDDataManager.h */ = {isa = PBXFileReference; fileEncoding = 4; lastKnownFileType = sourcecode.c.h; path = SDDataManager.h; sourceTree = "<group>"; };
		7B0845DC14D370570039C8F9 /* SDDataManager.m */ = {isa = PBXFileReference; fileEncoding = 4; lastKnownFileType = sourcecode.c.objc; path = SDDataManager.m; sourceTree = "<group>"; };
		7B61FDEA14D37F7300FBF43D /* Parse.framework */ = {isa = PBXFileReference; lastKnownFileType = wrapper.framework; path = Parse.framework; sourceTree = "<group>"; };
		7B61FDED14D37F8600FBF43D /* AudioToolbox.framework */ = {isa = PBXFileReference; lastKnownFileType = wrapper.framework; name = AudioToolbox.framework; path = System/Library/Frameworks/AudioToolbox.framework; sourceTree = SDKROOT; };
		7B61FDEF14D37F8D00FBF43D /* CFNetwork.framework */ = {isa = PBXFileReference; lastKnownFileType = wrapper.framework; name = CFNetwork.framework; path = System/Library/Frameworks/CFNetwork.framework; sourceTree = SDKROOT; };
		7B61FDF114D37F9E00FBF43D /* SystemConfiguration.framework */ = {isa = PBXFileReference; lastKnownFileType = wrapper.framework; name = SystemConfiguration.framework; path = System/Library/Frameworks/SystemConfiguration.framework; sourceTree = SDKROOT; };
		7B61FDF314D37FA500FBF43D /* MobileCoreServices.framework */ = {isa = PBXFileReference; lastKnownFileType = wrapper.framework; name = MobileCoreServices.framework; path = System/Library/Frameworks/MobileCoreServices.framework; sourceTree = SDKROOT; };
		7B61FDF514D37FB400FBF43D /* libz.1.1.3.dylib */ = {isa = PBXFileReference; lastKnownFileType = "compiled.mach-o.dylib"; name = libz.1.1.3.dylib; path = usr/lib/libz.1.1.3.dylib; sourceTree = SDKROOT; };
		7B61FDF714D37FBB00FBF43D /* Security.framework */ = {isa = PBXFileReference; lastKnownFileType = wrapper.framework; name = Security.framework; path = System/Library/Frameworks/Security.framework; sourceTree = SDKROOT; };
		7B61FDF914D37FC100FBF43D /* QuartzCore.framework */ = {isa = PBXFileReference; lastKnownFileType = wrapper.framework; name = QuartzCore.framework; path = System/Library/Frameworks/QuartzCore.framework; sourceTree = SDKROOT; };
		7BB2CBBB14D25633007989DD /* WhatWord.app */ = {isa = PBXFileReference; explicitFileType = wrapper.application; includeInIndex = 0; path = WhatWord.app; sourceTree = BUILT_PRODUCTS_DIR; };
		7BB2CBBF14D25633007989DD /* UIKit.framework */ = {isa = PBXFileReference; lastKnownFileType = wrapper.framework; name = UIKit.framework; path = System/Library/Frameworks/UIKit.framework; sourceTree = SDKROOT; };
		7BB2CBC114D25633007989DD /* Foundation.framework */ = {isa = PBXFileReference; lastKnownFileType = wrapper.framework; name = Foundation.framework; path = System/Library/Frameworks/Foundation.framework; sourceTree = SDKROOT; };
		7BB2CBC314D25633007989DD /* CoreGraphics.framework */ = {isa = PBXFileReference; lastKnownFileType = wrapper.framework; name = CoreGraphics.framework; path = System/Library/Frameworks/CoreGraphics.framework; sourceTree = SDKROOT; };
		7BB2CBC714D25633007989DD /* WhatWord-Info.plist */ = {isa = PBXFileReference; lastKnownFileType = text.plist.xml; path = "WhatWord-Info.plist"; sourceTree = "<group>"; };
		7BB2CBC914D25633007989DD /* en */ = {isa = PBXFileReference; lastKnownFileType = text.plist.strings; name = en; path = en.lproj/InfoPlist.strings; sourceTree = "<group>"; };
		7BB2CBCB14D25633007989DD /* main.m */ = {isa = PBXFileReference; lastKnownFileType = sourcecode.c.objc; path = main.m; sourceTree = "<group>"; };
		7BB2CBCD14D25633007989DD /* WhatWord-Prefix.pch */ = {isa = PBXFileReference; lastKnownFileType = sourcecode.c.h; path = "WhatWord-Prefix.pch"; sourceTree = "<group>"; };
		7BB2CBCE14D25633007989DD /* AppDelegate.h */ = {isa = PBXFileReference; lastKnownFileType = sourcecode.c.h; path = AppDelegate.h; sourceTree = "<group>"; };
		7BB2CBCF14D25633007989DD /* AppDelegate.m */ = {isa = PBXFileReference; lastKnownFileType = sourcecode.c.objc; path = AppDelegate.m; sourceTree = "<group>"; };
		7BB2CBD114D25633007989DD /* ViewController.h */ = {isa = PBXFileReference; lastKnownFileType = sourcecode.c.h; path = ViewController.h; sourceTree = "<group>"; };
		7BB2CBD214D25633007989DD /* ViewController.m */ = {isa = PBXFileReference; lastKnownFileType = sourcecode.c.objc; path = ViewController.m; sourceTree = "<group>"; };
		7BB2CBD514D25633007989DD /* en */ = {isa = PBXFileReference; lastKnownFileType = file.xib; name = en; path = en.lproj/ViewController.xib; sourceTree = "<group>"; };
		7BB2CBDC14D256F9007989DD /* CardViewController.h */ = {isa = PBXFileReference; fileEncoding = 4; lastKnownFileType = sourcecode.c.h; path = CardViewController.h; sourceTree = "<group>"; };
		7BB2CBDD14D256F9007989DD /* CardViewController.m */ = {isa = PBXFileReference; fileEncoding = 4; lastKnownFileType = sourcecode.c.objc; path = CardViewController.m; sourceTree = "<group>"; };
		7BB2CBDE14D256F9007989DD /* CardViewController.xib */ = {isa = PBXFileReference; fileEncoding = 4; lastKnownFileType = file.xib; path = CardViewController.xib; sourceTree = "<group>"; };
		7BB2CBE114D257EB007989DD /* cards.plist */ = {isa = PBXFileReference; fileEncoding = 4; lastKnownFileType = text.plist.xml; path = cards.plist; sourceTree = "<group>"; };
		7BB2CBE314D2AA3B007989DD /* Log */ = {isa = PBXFileReference; fileEncoding = 4; lastKnownFileType = text; name = Log; path = taboo/Log; sourceTree = "<group>"; };
		7BB46BF014D8ACD7000D6635 /* sqr.png */ = {isa = PBXFileReference; lastKnownFileType = image.png; path = sqr.png; sourceTree = "<group>"; };
		7BB46C0114D938C1000D6635 /* WhatWord.png */ = {isa = PBXFileReference; lastKnownFileType = image.png; name = WhatWord.png; path = ../WhatWord.png; sourceTree = "<group>"; };
		7BB46C0314D938CF000D6635 /* WhatWord@2x.png */ = {isa = PBXFileReference; lastKnownFileType = image.png; name = "WhatWord@2x.png"; path = "../WhatWord@2x.png"; sourceTree = "<group>"; };
		7BB46C0514D93B48000D6635 /* gray.png */ = {isa = PBXFileReference; lastKnownFileType = image.png; path = gray.png; sourceTree = "<group>"; };
		7BD91A6C14D782E700961BE8 /* green.png */ = {isa = PBXFileReference; lastKnownFileType = image.png; path = green.png; sourceTree = "<group>"; };
		7BD91A6E14D7BCD300961BE8 /* Word.h */ = {isa = PBXFileReference; fileEncoding = 4; lastKnownFileType = sourcecode.c.h; path = Word.h; sourceTree = "<group>"; };
		7BD91A6F14D7BCD300961BE8 /* Word.m */ = {isa = PBXFileReference; fileEncoding = 4; lastKnownFileType = sourcecode.c.objc; path = Word.m; sourceTree = "<group>"; };
/* End PBXFileReference section */

/* Begin PBXFrameworksBuildPhase section */
		7BB2CBB814D25633007989DD /* Frameworks */ = {
			isa = PBXFrameworksBuildPhase;
			buildActionMask = 2147483647;
			files = (
				7B61FDFA14D37FC100FBF43D /* QuartzCore.framework in Frameworks */,
				7B61FDF814D37FBB00FBF43D /* Security.framework in Frameworks */,
				7B61FDF614D37FB400FBF43D /* libz.1.1.3.dylib in Frameworks */,
				7BB2CBC414D25633007989DD /* CoreGraphics.framework in Frameworks */,
				7B61FDF414D37FA500FBF43D /* MobileCoreServices.framework in Frameworks */,
				7B61FDF214D37F9E00FBF43D /* SystemConfiguration.framework in Frameworks */,
				7B61FDF014D37F8D00FBF43D /* CFNetwork.framework in Frameworks */,
				7B61FDEE14D37F8600FBF43D /* AudioToolbox.framework in Frameworks */,
				7B0845D114D36F070039C8F9 /* CoreData.framework in Frameworks */,
				7BB2CBC014D25633007989DD /* UIKit.framework in Frameworks */,
				7BB2CBC214D25633007989DD /* Foundation.framework in Frameworks */,
				7B61FDEB14D37F7300FBF43D /* Parse.framework in Frameworks */,
			);
			runOnlyForDeploymentPostprocessing = 0;
		};
/* End PBXFrameworksBuildPhase section */

/* Begin PBXGroup section */
		7B0845BB14D36D600039C8F9 /* SSDataKit */ = {
			isa = PBXGroup;
			children = (
				7B0845BD14D36D6D0039C8F9 /* NSManagedObjectContext+SSDataKitAdditions.h */,
				7B0845BE14D36D6D0039C8F9 /* NSManagedObjectContext+SSDataKitAdditions.m */,
				7B0845BF14D36D6D0039C8F9 /* Readme.markdown */,
				7B0845C014D36D6D0039C8F9 /* SSDataKit.h */,
				7B0845C114D36D6D0039C8F9 /* SSManagedObject.h */,
				7B0845C214D36D6D0039C8F9 /* SSManagedObject.m */,
				7B0845C314D36D6D0039C8F9 /* SSManagedObjectContext.h */,
				7B0845C414D36D6D0039C8F9 /* SSManagedObjectContext.m */,
				7B0845C514D36D6D0039C8F9 /* SSManagedObjectContextObserver.h */,
				7B0845C614D36D6D0039C8F9 /* SSManagedObjectContextObserver.m */,
				7B0845C714D36D6D0039C8F9 /* SSManagedObjectContextObserverPrivate.h */,
				7B0845C814D36D6D0039C8F9 /* SSManagedObjectController.h */,
				7B0845C914D36D6D0039C8F9 /* SSManagedObjectController.m */,
			);
			name = SSDataKit;
			sourceTree = "<group>";
		};
		7B0845D814D36FF60039C8F9 /* Controller */ = {
			isa = PBXGroup;
			children = (
				7BB2CBD114D25633007989DD /* ViewController.h */,
				7BB2CBD214D25633007989DD /* ViewController.m */,
				7BB2CBDC14D256F9007989DD /* CardViewController.h */,
				7BB2CBDD14D256F9007989DD /* CardViewController.m */,
			);
			name = Controller;
			sourceTree = "<group>";
		};
		7B0845D914D36FF90039C8F9 /* Model */ = {
			isa = PBXGroup;
			children = (
				7B0845D214D36F7C0039C8F9 /* Model.xcdatamodeld */,
				7BD91A6E14D7BCD300961BE8 /* Word.h */,
				7BD91A6F14D7BCD300961BE8 /* Word.m */,
				7B0845DB14D370570039C8F9 /* SDDataManager.h */,
				7B0845DC14D370570039C8F9 /* SDDataManager.m */,
			);
			name = Model;
			sourceTree = "<group>";
		};
		7B0845DA14D36FFA0039C8F9 /* View */ = {
			isa = PBXGroup;
			children = (
				7BB2CBD414D25633007989DD /* ViewController.xib */,
				7BB2CBDE14D256F9007989DD /* CardViewController.xib */,
			);
			name = View;
			sourceTree = "<group>";
		};
		7BB2CBB014D25633007989DD = {
			isa = PBXGroup;
			children = (
				7BB2CBE314D2AA3B007989DD /* Log */,
				7BB2CBC514D25633007989DD /* WhatWord */,
				7BB2CBBE14D25633007989DD /* Frameworks */,
				7BB2CBBC14D25633007989DD /* Products */,
			);
			sourceTree = "<group>";
		};
		7BB2CBBC14D25633007989DD /* Products */ = {
			isa = PBXGroup;
			children = (
				7BB2CBBB14D25633007989DD /* WhatWord.app */,
			);
			name = Products;
			sourceTree = "<group>";
		};
		7BB2CBBE14D25633007989DD /* Frameworks */ = {
			isa = PBXGroup;
			children = (
				7B61FDF914D37FC100FBF43D /* QuartzCore.framework */,
				7B61FDF714D37FBB00FBF43D /* Security.framework */,
				7B61FDF514D37FB400FBF43D /* libz.1.1.3.dylib */,
				7B61FDF314D37FA500FBF43D /* MobileCoreServices.framework */,
				7B61FDF114D37F9E00FBF43D /* SystemConfiguration.framework */,
				7B61FDEF14D37F8D00FBF43D /* CFNetwork.framework */,
				7B61FDED14D37F8600FBF43D /* AudioToolbox.framework */,
				7B61FDEA14D37F7300FBF43D /* Parse.framework */,
				7B0845D014D36F070039C8F9 /* CoreData.framework */,
				7B0845BB14D36D600039C8F9 /* SSDataKit */,
				7BB2CBBF14D25633007989DD /* UIKit.framework */,
				7BB2CBC114D25633007989DD /* Foundation.framework */,
				7BB2CBC314D25633007989DD /* CoreGraphics.framework */,
			);
			name = Frameworks;
			sourceTree = "<group>";
		};
		7BB2CBC514D25633007989DD /* WhatWord */ = {
			isa = PBXGroup;
			children = (
				7BB2CBCE14D25633007989DD /* AppDelegate.h */,
				7BB2CBCF14D25633007989DD /* AppDelegate.m */,
				7B0845DA14D36FFA0039C8F9 /* View */,
				7B0845D914D36FF90039C8F9 /* Model */,
				7B0845D814D36FF60039C8F9 /* Controller */,
				7BB2CBC614D25633007989DD /* Supporting Files */,
			);
			name = WhatWord;
			path = taboo;
			sourceTree = "<group>";
		};
		7BB2CBC614D25633007989DD /* Supporting Files */ = {
			isa = PBXGroup;
			children = (
				7BB46C0514D93B48000D6635 /* gray.png */,
				7BB46C0314D938CF000D6635 /* WhatWord@2x.png */,
				7BB46C0114D938C1000D6635 /* WhatWord.png */,
				7BB46BF014D8ACD7000D6635 /* sqr.png */,
				7BD91A6C14D782E700961BE8 /* green.png */,
				7BB2CBE114D257EB007989DD /* cards.plist */,
				7BB2CBC714D25633007989DD /* WhatWord-Info.plist */,
				7BB2CBC814D25633007989DD /* InfoPlist.strings */,
				7BB2CBCB14D25633007989DD /* main.m */,
				7BB2CBCD14D25633007989DD /* WhatWord-Prefix.pch */,
			);
			name = "Supporting Files";
			sourceTree = "<group>";
		};
/* End PBXGroup section */

/* Begin PBXNativeTarget section */
		7BB2CBBA14D25633007989DD /* WhatWord */ = {
			isa = PBXNativeTarget;
			buildConfigurationList = 7BB2CBD914D25633007989DD /* Build configuration list for PBXNativeTarget "WhatWord" */;
			buildPhases = (
				7BB2CBB714D25633007989DD /* Sources */,
				7BB2CBB814D25633007989DD /* Frameworks */,
				7BB2CBB914D25633007989DD /* Resources */,
			);
			buildRules = (
			);
			dependencies = (
			);
			name = WhatWord;
			productName = taboo;
			productReference = 7BB2CBBB14D25633007989DD /* WhatWord.app */;
			productType = "com.apple.product-type.application";
		};
/* End PBXNativeTarget section */

/* Begin PBXProject section */
		7BB2CBB214D25633007989DD /* Project object */ = {
			isa = PBXProject;
			attributes = {
				LastUpgradeCheck = 0420;
				ORGANIZATIONNAME = "Bixby Apps";
			};
			buildConfigurationList = 7BB2CBB514D25633007989DD /* Build configuration list for PBXProject "WhatWord" */;
			compatibilityVersion = "Xcode 3.2";
			developmentRegion = English;
			hasScannedForEncodings = 0;
			knownRegions = (
				en,
			);
			mainGroup = 7BB2CBB014D25633007989DD;
			productRefGroup = 7BB2CBBC14D25633007989DD /* Products */;
			projectDirPath = "";
			projectRoot = "";
			targets = (
				7BB2CBBA14D25633007989DD /* WhatWord */,
			);
		};
/* End PBXProject section */

/* Begin PBXResourcesBuildPhase section */
		7BB2CBB914D25633007989DD /* Resources */ = {
			isa = PBXResourcesBuildPhase;
			buildActionMask = 2147483647;
			files = (
				7BB2CBCA14D25633007989DD /* InfoPlist.strings in Resources */,
				7BB2CBD614D25633007989DD /* ViewController.xib in Resources */,
				7BB2CBE014D256F9007989DD /* CardViewController.xib in Resources */,
				7BB2CBE214D257EB007989DD /* cards.plist in Resources */,
				7BB2CBE414D2AA3B007989DD /* Log in Resources */,
				7B0845CB14D36D6D0039C8F9 /* Readme.markdown in Resources */,
				7BD91A6D14D782E700961BE8 /* green.png in Resources */,
				7BB46BF114D8ACD7000D6635 /* sqr.png in Resources */,
				7BB46C0214D938C1000D6635 /* WhatWord.png in Resources */,
				7BB46C0414D938CF000D6635 /* WhatWord@2x.png in Resources */,
				7BB46C0614D93B49000D6635 /* gray.png in Resources */,
			);
			runOnlyForDeploymentPostprocessing = 0;
		};
/* End PBXResourcesBuildPhase section */

/* Begin PBXSourcesBuildPhase section */
		7BB2CBB714D25633007989DD /* Sources */ = {
			isa = PBXSourcesBuildPhase;
			buildActionMask = 2147483647;
			files = (
				7BB2CBCC14D25633007989DD /* main.m in Sources */,
				7BB2CBD014D25633007989DD /* AppDelegate.m in Sources */,
				7BB2CBD314D25633007989DD /* ViewController.m in Sources */,
				7BB2CBDF14D256F9007989DD /* CardViewController.m in Sources */,
				7B0845CA14D36D6D0039C8F9 /* NSManagedObjectContext+SSDataKitAdditions.m in Sources */,
				7B0845CC14D36D6D0039C8F9 /* SSManagedObject.m in Sources */,
				7B0845CD14D36D6D0039C8F9 /* SSManagedObjectContext.m in Sources */,
				7B0845CE14D36D6D0039C8F9 /* SSManagedObjectContextObserver.m in Sources */,
				7B0845CF14D36D6D0039C8F9 /* SSManagedObjectController.m in Sources */,
				7B0845D414D36F7C0039C8F9 /* Model.xcdatamodeld in Sources */,
				7B0845DD14D370570039C8F9 /* SDDataManager.m in Sources */,
				7BD91A7014D7BCD300961BE8 /* Word.m in Sources */,
			);
			runOnlyForDeploymentPostprocessing = 0;
		};
/* End PBXSourcesBuildPhase section */

/* Begin PBXVariantGroup section */
		7BB2CBC814D25633007989DD /* InfoPlist.strings */ = {
			isa = PBXVariantGroup;
			children = (
				7BB2CBC914D25633007989DD /* en */,
			);
			name = InfoPlist.strings;
			sourceTree = "<group>";
		};
		7BB2CBD414D25633007989DD /* ViewController.xib */ = {
			isa = PBXVariantGroup;
			children = (
				7BB2CBD514D25633007989DD /* en */,
			);
			name = ViewController.xib;
			sourceTree = "<group>";
		};
/* End PBXVariantGroup section */

/* Begin XCBuildConfiguration section */
		7BB2CBD714D25633007989DD /* Debug */ = {
			isa = XCBuildConfiguration;
			buildSettings = {
				ALWAYS_SEARCH_USER_PATHS = NO;
				ARCHS = "$(ARCHS_STANDARD_32_BIT)";
				CLANG_ENABLE_OBJC_ARC = YES;
				"CODE_SIGN_IDENTITY[sdk=iphoneos*]" = "iPhone Developer";
				COPY_PHASE_STRIP = NO;
				GCC_C_LANGUAGE_STANDARD = gnu99;
				GCC_DYNAMIC_NO_PIC = NO;
				GCC_OPTIMIZATION_LEVEL = 0;
				GCC_PREPROCESSOR_DEFINITIONS = (
					"DEBUG=1",
					"$(inherited)",
				);
				GCC_SYMBOLS_PRIVATE_EXTERN = NO;
				GCC_VERSION = com.apple.compilers.llvm.clang.1_0;
				GCC_WARN_ABOUT_MISSING_PROTOTYPES = YES;
				GCC_WARN_ABOUT_RETURN_TYPE = YES;
				GCC_WARN_UNUSED_VARIABLE = YES;
				IPHONEOS_DEPLOYMENT_TARGET = 5.0;
				SDKROOT = iphoneos;
			};
			name = Debug;
		};
		7BB2CBD814D25633007989DD /* Release */ = {
			isa = XCBuildConfiguration;
			buildSettings = {
				ALWAYS_SEARCH_USER_PATHS = NO;
				ARCHS = "$(ARCHS_STANDARD_32_BIT)";
				CLANG_ENABLE_OBJC_ARC = YES;
				"CODE_SIGN_IDENTITY[sdk=iphoneos*]" = "iPhone Developer";
				COPY_PHASE_STRIP = YES;
				GCC_C_LANGUAGE_STANDARD = gnu99;
				GCC_VERSION = com.apple.compilers.llvm.clang.1_0;
				GCC_WARN_ABOUT_MISSING_PROTOTYPES = YES;
				GCC_WARN_ABOUT_RETURN_TYPE = YES;
				GCC_WARN_UNUSED_VARIABLE = YES;
				IPHONEOS_DEPLOYMENT_TARGET = 5.0;
				OTHER_CFLAGS = "-DNS_BLOCK_ASSERTIONS=1";
				SDKROOT = iphoneos;
				VALIDATE_PRODUCT = YES;
			};
			name = Release;
		};
		7BB2CBDA14D25633007989DD /* Debug */ = {
			isa = XCBuildConfiguration;
			buildSettings = {
				"CODE_SIGN_IDENTITY[sdk=iphoneos*]" = "iPhone Developer: Stephen Derico (RGS2F76K98)";
				FRAMEWORK_SEARCH_PATHS = (
					"$(inherited)",
					"\"$(SRCROOT)\"",
				);
				GCC_PRECOMPILE_PREFIX_HEADER = YES;
				GCC_PREFIX_HEADER = "taboo/WhatWord-Prefix.pch";
				INFOPLIST_FILE = "taboo/WhatWord-Info.plist";
				PRODUCT_NAME = WhatWord;
				"PROVISIONING_PROFILE[sdk=iphoneos*]" = "1EF25480-55A2-4A21-AD87-93D10433A5B2";
				WRAPPER_EXTENSION = app;
			};
			name = Debug;
		};
		7BB2CBDB14D25633007989DD /* Release */ = {
			isa = XCBuildConfiguration;
			buildSettings = {
				"CODE_SIGN_IDENTITY[sdk=iphoneos*]" = "iPhone Distribution: Stephen Derico";
				FRAMEWORK_SEARCH_PATHS = (
					"$(inherited)",
					"\"$(SRCROOT)\"",
				);
				GCC_PRECOMPILE_PREFIX_HEADER = YES;
				GCC_PREFIX_HEADER = "taboo/WhatWord-Prefix.pch";
				INFOPLIST_FILE = "taboo/WhatWord-Info.plist";
				PRODUCT_NAME = WhatWord;
				"PROVISIONING_PROFILE[sdk=iphoneos*]" = "AA06A27E-4983-4625-873F-B02E41063528";
				WRAPPER_EXTENSION = app;
			};
			name = Release;
		};
/* End XCBuildConfiguration section */

/* Begin XCConfigurationList section */
		7BB2CBB514D25633007989DD /* Build configuration list for PBXProject "WhatWord" */ = {
			isa = XCConfigurationList;
			buildConfigurations = (
				7BB2CBD714D25633007989DD /* Debug */,
				7BB2CBD814D25633007989DD /* Release */,
			);
			defaultConfigurationIsVisible = 0;
			defaultConfigurationName = Release;
		};
		7BB2CBD914D25633007989DD /* Build configuration list for PBXNativeTarget "WhatWord" */ = {
			isa = XCConfigurationList;
			buildConfigurations = (
				7BB2CBDA14D25633007989DD /* Debug */,
				7BB2CBDB14D25633007989DD /* Release */,
			);
			defaultConfigurationIsVisible = 0;
			defaultConfigurationName = Release;
		};
/* End XCConfigurationList section */

/* Begin XCVersionGroup section */
		7B0845D214D36F7C0039C8F9 /* Model.xcdatamodeld */ = {
			isa = XCVersionGroup;
			children = (
				7B0845D314D36F7C0039C8F9 /* Model.xcdatamodel */,
			);
			currentVersion = 7B0845D314D36F7C0039C8F9 /* Model.xcdatamodel */;
			path = Model.xcdatamodeld;
			sourceTree = "<group>";
			versionGroupType = wrapper.xcdatamodel;
		};
/* End XCVersionGroup section */
	};
	rootObject = 7BB2CBB214D25633007989DD /* Project object */;
}
